
Microsoft Visual Studio Solution File, Format Version 12.00
# Visual Studio Version 17
VisualStudioVersion = 17.1.32210.238
MinimumVisualStudioVersion = 10.0.40219.1
Project("{2150E333-8FDC-42A3-9474-1A3956D46DE8}") = "src", "src", "{8B6CB644-8FD9-4A15-96A7-CFDBA8C4E67C}"
EndProject
Project("{FAE04EC0-301F-11D3-BF4B-00C04F79EFBC}") = "Api", "src\Api\Api.csproj", "{05204F02-4F64-4F0B-9030-F2568637E439}"
EndProject
Project("{FAE04EC0-301F-11D3-BF4B-00C04F79EFBC}") = "Client", "src\Client\Client.csproj", "{C311C3BA-0B95-4893-A2FC-BA399BD37B57}"
EndProject
Global
	GlobalSection(SolutionConfigurationPlatforms) = preSolution
		Debug|Any CPU = Debug|Any CPU
		Release|Any CPU = Release|Any CPU
	EndGlobalSection
	GlobalSection(ProjectConfigurationPlatforms) = postSolution
		{05204F02-4F64-4F0B-9030-F2568637E439}.Debug|Any CPU.ActiveCfg = Debug|Any CPU
		{05204F02-4F64-4F0B-9030-F2568637E439}.Debug|Any CPU.Build.0 = Debug|Any CPU
		{05204F02-4F64-4F0B-9030-F2568637E439}.Release|Any CPU.ActiveCfg = Release|Any CPU
		{05204F02-4F64-4F0B-9030-F2568637E439}.Release|Any CPU.Build.0 = Release|Any CPU
		{C311C3BA-0B95-4893-A2FC-BA399BD37B57}.Debug|Any CPU.ActiveCfg = Debug|Any CPU
		{C311C3BA-0B95-4893-A2FC-BA399BD37B57}.Debug|Any CPU.Build.0 = Debug|Any CPU
		{C311C3BA-0B95-4893-A2FC-BA399BD37B57}.Release|Any CPU.ActiveCfg = Release|Any CPU
		{C311C3BA-0B95-4893-A2FC-BA399BD37B57}.Release|Any CPU.Build.0 = Release|Any CPU
	EndGlobalSection
	GlobalSection(SolutionProperties) = preSolution
		HideSolutionNode = FALSE
	EndGlobalSection
	GlobalSection(NestedProjects) = preSolution
		{05204F02-4F64-4F0B-9030-F2568637E439} = {8B6CB644-8FD9-4A15-96A7-CFDBA8C4E67C}
		{C311C3BA-0B95-4893-A2FC-BA399BD37B57} = {8B6CB644-8FD9-4A15-96A7-CFDBA8C4E67C}
	EndGlobalSection
	GlobalSection(ExtensibilityGlobals) = postSolution
		SolutionGuid = {96227FFF-D57F-4CE9-8DD9-2430062B598A}
	EndGlobalSection
EndGlobal
